
Microsoft Visual Studio Solution File, Format Version 12.00
# Visual Studio Version 17
VisualStudioVersion = 17.7.34024.191
MinimumVisualStudioVersion = 10.0.40219.1
Project("{9A19103F-16F7-4668-BE54-9A1E7A4F7556}") = "API_Do_An", "API_Do_An.csproj", "{4B998CF7-53E5-4C04-92C8-B87E6D1F6D79}"
EndProject
Project("{9A19103F-16F7-4668-BE54-9A1E7A4F7556}") = "Repositories_Do_An", "..\Repositories_Do_An\Repositories_Do_An.csproj", "{EE108673-60FC-41A9-92EA-1BC6506E94D7}"
EndProject
Project("{9A19103F-16F7-4668-BE54-9A1E7A4F7556}") = "Services_Do_An", "..\Services_Do_An\Services_Do_An.csproj", "{1D76139C-3BC1-4126-8560-1D5806C4817C}"
EndProject
Global
	GlobalSection(SolutionConfigurationPlatforms) = preSolution
		Debug|Any CPU = Debug|Any CPU
		Release|Any CPU = Release|Any CPU
	EndGlobalSection
	GlobalSection(ProjectConfigurationPlatforms) = postSolution
		{4B998CF7-53E5-4C04-92C8-B87E6D1F6D79}.Debug|Any CPU.ActiveCfg = Debug|Any CPU
		{4B998CF7-53E5-4C04-92C8-B87E6D1F6D79}.Debug|Any CPU.Build.0 = Debug|Any CPU
		{4B998CF7-53E5-4C04-92C8-B87E6D1F6D79}.Release|Any CPU.ActiveCfg = Release|Any CPU
		{4B998CF7-53E5-4C04-92C8-B87E6D1F6D79}.Release|Any CPU.Build.0 = Release|Any CPU
		{EE108673-60FC-41A9-92EA-1BC6506E94D7}.Debug|Any CPU.ActiveCfg = Debug|Any CPU
		{EE108673-60FC-41A9-92EA-1BC6506E94D7}.Debug|Any CPU.Build.0 = Debug|Any CPU
		{EE108673-60FC-41A9-92EA-1BC6506E94D7}.Release|Any CPU.ActiveCfg = Release|Any CPU
		{EE108673-60FC-41A9-92EA-1BC6506E94D7}.Release|Any CPU.Build.0 = Release|Any CPU
		{1D76139C-3BC1-4126-8560-1D5806C4817C}.Debug|Any CPU.ActiveCfg = Debug|Any CPU
		{1D76139C-3BC1-4126-8560-1D5806C4817C}.Debug|Any CPU.Build.0 = Debug|Any CPU
		{1D76139C-3BC1-4126-8560-1D5806C4817C}.Release|Any CPU.ActiveCfg = Release|Any CPU
		{1D76139C-3BC1-4126-8560-1D5806C4817C}.Release|Any CPU.Build.0 = Release|Any CPU
	EndGlobalSection
	GlobalSection(SolutionProperties) = preSolution
		HideSolutionNode = FALSE
	EndGlobalSection
	GlobalSection(ExtensibilityGlobals) = postSolution
		SolutionGuid = {4BB82A82-68AB-4021-94EE-B1FD9F6FFD1C}
	EndGlobalSection
EndGlobal
